# 重要的环境配置文件，请勿修改
# 修改本文件会导致程序无法正常运行
version_diff:
  global:
    patch: 7.0
    legendary_star: 1
    DLC:
      - 黄金
      - 全部
      - 晓月
      - 漆黑
      - 红莲
      - 苍天
      - 新生
  cn:
    patch: 7.0
    legendary_star: 1
    DLC:
      - 黄金
      - 全部
      - 晓月
      - 漆黑
      - 红莲
      - 苍天
      - 新生

LingSha: &LingSha
  - '精选白光灵砂'
  - '精选大地灵砂'
  - '精选大树灵砂'
  - '精选丰饶灵砂'
  - '精选古树灵砂'
  - '精选黑暗灵砂'
  - '精选黄昏灵砂'
  - '精选极光灵砂'
  - '精选巨树灵砂'
  - '精选巨岩灵砂'
  - '精选雷鸣灵砂'
  - '精选雷之晶簇'
  - '精选闪光灵砂'
  - '精选微光灵砂'
  - '精选险山灵砂'
  - '精选晓光灵砂'
  - '精选晓月灵砂'
  - '精选夜光灵砂'
  - '精选悠久灵砂'
  - '精选地鸣灵砂'
  - '精选幻岩灵砂'
  - '精选黄金灵砂'
  - '精选幻叶灵砂'

choose:
  -1: [ ]
  70:
    - - type
      - 传说1星
    - - patch
      - - 7
  63:
    - - type
      - 传说2星
    - - patch
      - - 6.2
        - 6.3
  64:
    - - '!type'
      - 高难精选
    - - patch
      - - 6.4
  1:
    - - type
      - 紫票收藏品
  2:
    - - type
      - 橙票收藏品
  3:
    - - in_type
      - *LingSha
  4:
    - - type
      - 传说
  5:
    - - type
      - 传说
  5.1:
    - - type
      - - 传说2星
        - 传说3星
  6:
    - - type
      - 水晶
  7:
    - - type
      - 晶簇
  8:
    - - type
      - 高难精选

special_func:
  global:
    70:
      - "[7.05]710HQ材料"
      - 225
      - [ 255, 0, 0, 255 ]
    71: # 备用
      - "[7.1]生产采集白装材料"
      - 340
      - [ 255, 0, 0, 255 ]
  cn:
    70:
      - "[7.05]710HQ材料"
      - 225
      - [ 255, 0, 0, 255 ]
    73: # 备用
      - "[7.3]生产采集绿装材料"
      - 340
      - [ 255, 0, 0, 255 ]

