version_diff:
  global:
    patch: 7.0
    legendary_star: 1
    DLC:
      - 黄金
      - 全部
      - 晓月
      - 漆黑
      - 红莲
      - 苍天
      - 新生
  cn:
    patch: 6.5
    legendary_star: 3
    DLC:
      - 晓月
      - 全部
      - 漆黑
      - 红莲
      - 苍天
      - 新生

LingSha: &LingSha
  - '精选白光灵砂'
  - '精选大地灵砂'
  - '精选大树灵砂'
  - '精选丰饶灵砂'
  - '精选古树灵砂'
  - '精选黑暗灵砂'
  - '精选黄昏灵砂'
  - '精选极光灵砂'
  - '精选巨树灵砂'
  - '精选巨岩灵砂'
  - '精选雷鸣灵砂'
  - '精选雷之晶簇'
  - '精选闪光灵砂'
  - '精选微光灵砂'
  - '精选险山灵砂'
  - '精选晓光灵砂'
  - '精选晓月灵砂'
  - '精选夜光灵砂'
  - '精选悠久灵砂'
  - '精选地鸣灵砂'

choose:
  -1: [ ]
  72:
    - - type
      - 传说2星
    - - patch
      - - 7.2
  63:
    - - type
      - 传说2星
    - - patch
      - - 6.2
        - 6.3
  64:
    - - '!type'
      - 高难精选
    - - patch
      - - 6.4
  1:
    - - type
      - 紫票收藏品
  2:
    - - type
      - 橙票收藏品
  3:
    - - type
      - *LingSha
  4:
    - - type
      - 传说
  5:
    - - type
      - 传说
  5.1:
    - - type
      - - 传说2星
        - 传说3星
  6:
    - - type
      - 水晶
  7:
    - - type
      - 晶簇
  8:
    - - type
      - 高难精选
  61:
    - - type
      - 白票收藏品
  62:
    - - type
      - 紫票收藏品
